// !$*UTF8*$!
{
	archiveVersion = 1;
	classes = {
	};
	objectVersion = 50;
	objects = {

/* Begin PBXBuildFile section */
		6600DEF826384C8A00B5E806 /* AddExpensesViewModel.swift in Sources */ = {isa = PBXBuildFile; fileRef = 6600DEF726384C8A00B5E806 /* AddExpensesViewModel.swift */; };
		661122072630276D00C48FFE /* MenuCell.swift in Sources */ = {isa = PBXBuildFile; fileRef = 661122062630276D00C48FFE /* MenuCell.swift */; };
		662802862632EBCC00B8BD59 /* Practice.xcdatamodeld in Sources */ = {isa = PBXBuildFile; fileRef = 662802842632EBCC00B8BD59 /* Practice.xcdatamodeld */; };
		6628028F2632F09500B8BD59 /* TransactionViewModel.swift in Sources */ = {isa = PBXBuildFile; fileRef = 6628028E2632F09500B8BD59 /* TransactionViewModel.swift */; };
		662802922632F41300B8BD59 /* TransactionListViewModel.swift in Sources */ = {isa = PBXBuildFile; fileRef = 662802912632F41300B8BD59 /* TransactionListViewModel.swift */; };
		6628029E2633247D00B8BD59 /* Expenses.swift in Sources */ = {isa = PBXBuildFile; fileRef = 6628029D2633247D00B8BD59 /* Expenses.swift */; };
		662802A12633248B00B8BD59 /* Income.swift in Sources */ = {isa = PBXBuildFile; fileRef = 662802A02633248B00B8BD59 /* Income.swift */; };
		662802A42633623100B8BD59 /* Edit.swift in Sources */ = {isa = PBXBuildFile; fileRef = 662802A32633623100B8BD59 /* Edit.swift */; };
		6647B108262DC4290021CEA0 /* AppDelegate.swift in Sources */ = {isa = PBXBuildFile; fileRef = 6647B107262DC4290021CEA0 /* AppDelegate.swift */; };
		6647B10A262DC4290021CEA0 /* SceneDelegate.swift in Sources */ = {isa = PBXBuildFile; fileRef = 6647B109262DC4290021CEA0 /* SceneDelegate.swift */; };
		6647B10C262DC4290021CEA0 /* MenuList.swift in Sources */ = {isa = PBXBuildFile; fileRef = 6647B10B262DC4290021CEA0 /* MenuList.swift */; };
		6647B111262DC42D0021CEA0 /* Assets.xcassets in Resources */ = {isa = PBXBuildFile; fileRef = 6647B110262DC42D0021CEA0 /* Assets.xcassets */; };
		6647B114262DC42D0021CEA0 /* Preview Assets.xcassets in Resources */ = {isa = PBXBuildFile; fileRef = 6647B113262DC42D0021CEA0 /* Preview Assets.xcassets */; };
		6647B117262DC42D0021CEA0 /* LaunchScreen.storyboard in Resources */ = {isa = PBXBuildFile; fileRef = 6647B115262DC42D0021CEA0 /* LaunchScreen.storyboard */; };
		666493A8263C237700552C46 /* PieSliceView.swift in Sources */ = {isa = PBXBuildFile; fileRef = 666493A7263C237700552C46 /* PieSliceView.swift */; };
		666493AA263C23A700552C46 /* PieChartView.swift in Sources */ = {isa = PBXBuildFile; fileRef = 666493A9263C23A700552C46 /* PieChartView.swift */; };
		666493B2263C3F4B00552C46 /* ManageData.swift in Sources */ = {isa = PBXBuildFile; fileRef = 666493B1263C3F4B00552C46 /* ManageData.swift */; };
		666493B4263C3FBE00552C46 /* CategoryViewModel.swift in Sources */ = {isa = PBXBuildFile; fileRef = 666493B3263C3FBE00552C46 /* CategoryViewModel.swift */; };
		666493B6263C400000552C46 /* CategoryListViewModel.swift in Sources */ = {isa = PBXBuildFile; fileRef = 666493B5263C400000552C46 /* CategoryListViewModel.swift */; };
		666493B8263C40FD00552C46 /* AddUpdateCategory.swift in Sources */ = {isa = PBXBuildFile; fileRef = 666493B7263C40FD00552C46 /* AddUpdateCategory.swift */; };
		666493BA263C429E00552C46 /* CategoryView.swift in Sources */ = {isa = PBXBuildFile; fileRef = 666493B9263C429E00552C46 /* CategoryView.swift */; };
		666493C0263C60F100552C46 /* CategoryCell.swift in Sources */ = {isa = PBXBuildFile; fileRef = 666493BF263C60F100552C46 /* CategoryCell.swift */; };
		666493C3263C6C6D00552C46 /* CategoryDetail.swift in Sources */ = {isa = PBXBuildFile; fileRef = 666493C2263C6C6D00552C46 /* CategoryDetail.swift */; };
		666493C5263D52E600552C46 /* AddNewCategoryView.swift in Sources */ = {isa = PBXBuildFile; fileRef = 666493C4263D52E500552C46 /* AddNewCategoryView.swift */; };
		666493C726401D6700552C46 /* AddCategoryPicker.swift in Sources */ = {isa = PBXBuildFile; fileRef = 666493C626401D6700552C46 /* AddCategoryPicker.swift */; };
		666493C92640220A00552C46 /* AccountView.swift in Sources */ = {isa = PBXBuildFile; fileRef = 666493C82640220A00552C46 /* AccountView.swift */; };
		666493CC2640558D00552C46 /* DiagramView.swift in Sources */ = {isa = PBXBuildFile; fileRef = 666493CB2640558D00552C46 /* DiagramView.swift */; };
		66E485EC2639582500C99854 /* AddIncomeViewModel.swift in Sources */ = {isa = PBXBuildFile; fileRef = 66E485EB2639582500C99854 /* AddIncomeViewModel.swift */; };
/* End PBXBuildFile section */

/* Begin PBXFileReference section */
		6600DEF726384C8A00B5E806 /* AddExpensesViewModel.swift */ = {isa = PBXFileReference; lastKnownFileType = sourcecode.swift; path = AddExpensesViewModel.swift; sourceTree = "<group>"; };
		661122062630276D00C48FFE /* MenuCell.swift */ = {isa = PBXFileReference; lastKnownFileType = sourcecode.swift; path = MenuCell.swift; sourceTree = "<group>"; };
		662802852632EBCC00B8BD59 /* Practice.xcdatamodel */ = {isa = PBXFileReference; lastKnownFileType = wrapper.xcdatamodel; path = Practice.xcdatamodel; sourceTree = "<group>"; };
		6628028E2632F09500B8BD59 /* TransactionViewModel.swift */ = {isa = PBXFileReference; lastKnownFileType = sourcecode.swift; path = TransactionViewModel.swift; sourceTree = "<group>"; };
		662802912632F41300B8BD59 /* TransactionListViewModel.swift */ = {isa = PBXFileReference; lastKnownFileType = sourcecode.swift; path = TransactionListViewModel.swift; sourceTree = "<group>"; };
		6628029D2633247D00B8BD59 /* Expenses.swift */ = {isa = PBXFileReference; lastKnownFileType = sourcecode.swift; path = Expenses.swift; sourceTree = "<group>"; };
		662802A02633248B00B8BD59 /* Income.swift */ = {isa = PBXFileReference; lastKnownFileType = sourcecode.swift; path = Income.swift; sourceTree = "<group>"; };
		662802A32633623100B8BD59 /* Edit.swift */ = {isa = PBXFileReference; lastKnownFileType = sourcecode.swift; path = Edit.swift; sourceTree = "<group>"; };
		6647B104262DC4290021CEA0 /* Practice.app */ = {isa = PBXFileReference; explicitFileType = wrapper.application; includeInIndex = 0; path = Practice.app; sourceTree = BUILT_PRODUCTS_DIR; };
		6647B107262DC4290021CEA0 /* AppDelegate.swift */ = {isa = PBXFileReference; lastKnownFileType = sourcecode.swift; path = AppDelegate.swift; sourceTree = "<group>"; };
		6647B109262DC4290021CEA0 /* SceneDelegate.swift */ = {isa = PBXFileReference; lastKnownFileType = sourcecode.swift; path = SceneDelegate.swift; sourceTree = "<group>"; };
		6647B10B262DC4290021CEA0 /* MenuList.swift */ = {isa = PBXFileReference; lastKnownFileType = sourcecode.swift; path = MenuList.swift; sourceTree = "<group>"; };
		6647B110262DC42D0021CEA0 /* Assets.xcassets */ = {isa = PBXFileReference; lastKnownFileType = folder.assetcatalog; path = Assets.xcassets; sourceTree = "<group>"; };
		6647B113262DC42D0021CEA0 /* Preview Assets.xcassets */ = {isa = PBXFileReference; lastKnownFileType = folder.assetcatalog; path = "Preview Assets.xcassets"; sourceTree = "<group>"; };
		6647B116262DC42D0021CEA0 /* Base */ = {isa = PBXFileReference; lastKnownFileType = file.storyboard; name = Base; path = Base.lproj/LaunchScreen.storyboard; sourceTree = "<group>"; };
		6647B118262DC42D0021CEA0 /* Info.plist */ = {isa = PBXFileReference; lastKnownFileType = text.plist.xml; path = Info.plist; sourceTree = "<group>"; };
		666493A7263C237700552C46 /* PieSliceView.swift */ = {isa = PBXFileReference; lastKnownFileType = sourcecode.swift; path = PieSliceView.swift; sourceTree = "<group>"; };
		666493A9263C23A700552C46 /* PieChartView.swift */ = {isa = PBXFileReference; lastKnownFileType = sourcecode.swift; path = PieChartView.swift; sourceTree = "<group>"; };
		666493B1263C3F4B00552C46 /* ManageData.swift */ = {isa = PBXFileReference; lastKnownFileType = sourcecode.swift; path = ManageData.swift; sourceTree = "<group>"; };
		666493B3263C3FBE00552C46 /* CategoryViewModel.swift */ = {isa = PBXFileReference; lastKnownFileType = sourcecode.swift; path = CategoryViewModel.swift; sourceTree = "<group>"; };
		666493B5263C400000552C46 /* CategoryListViewModel.swift */ = {isa = PBXFileReference; lastKnownFileType = sourcecode.swift; path = CategoryListViewModel.swift; sourceTree = "<group>"; };
		666493B7263C40FD00552C46 /* AddUpdateCategory.swift */ = {isa = PBXFileReference; lastKnownFileType = sourcecode.swift; path = AddUpdateCategory.swift; sourceTree = "<group>"; };
		666493B9263C429E00552C46 /* CategoryView.swift */ = {isa = PBXFileReference; lastKnownFileType = sourcecode.swift; path = CategoryView.swift; sourceTree = "<group>"; };
		666493BF263C60F100552C46 /* CategoryCell.swift */ = {isa = PBXFileReference; lastKnownFileType = sourcecode.swift; path = CategoryCell.swift; sourceTree = "<group>"; };
		666493C2263C6C6D00552C46 /* CategoryDetail.swift */ = {isa = PBXFileReference; lastKnownFileType = sourcecode.swift; path = CategoryDetail.swift; sourceTree = "<group>"; };
		666493C4263D52E500552C46 /* AddNewCategoryView.swift */ = {isa = PBXFileReference; lastKnownFileType = sourcecode.swift; path = AddNewCategoryView.swift; sourceTree = "<group>"; };
		666493C626401D6700552C46 /* AddCategoryPicker.swift */ = {isa = PBXFileReference; lastKnownFileType = sourcecode.swift; path = AddCategoryPicker.swift; sourceTree = "<group>"; };
		666493C82640220A00552C46 /* AccountView.swift */ = {isa = PBXFileReference; lastKnownFileType = sourcecode.swift; path = AccountView.swift; sourceTree = "<group>"; };
		666493CB2640558D00552C46 /* DiagramView.swift */ = {isa = PBXFileReference; lastKnownFileType = sourcecode.swift; path = DiagramView.swift; sourceTree = "<group>"; };
		66E485EB2639582500C99854 /* AddIncomeViewModel.swift */ = {isa = PBXFileReference; lastKnownFileType = sourcecode.swift; path = AddIncomeViewModel.swift; sourceTree = "<group>"; };
/* End PBXFileReference section */

/* Begin PBXFrameworksBuildPhase section */
		6647B101262DC4290021CEA0 /* Frameworks */ = {
			isa = PBXFrameworksBuildPhase;
			buildActionMask = 2147483647;
			files = (
			);
			runOnlyForDeploymentPostprocessing = 0;
		};
/* End PBXFrameworksBuildPhase section */

/* Begin PBXGroup section */
		662802752632DBE600B8BD59 /* CoreDataDB */ = {
			isa = PBXGroup;
			children = (
				662802842632EBCC00B8BD59 /* Practice.xcdatamodeld */,
			);
			path = CoreDataDB;
			sourceTree = "<group>";
		};
		662802762632DD4B00B8BD59 /* Views */ = {
			isa = PBXGroup;
			children = (
				666493C82640220A00552C46 /* AccountView.swift */,
				666493CB2640558D00552C46 /* DiagramView.swift */,
				6647B10B262DC4290021CEA0 /* MenuList.swift */,
				661122062630276D00C48FFE /* MenuCell.swift */,
				6628029D2633247D00B8BD59 /* Expenses.swift */,
				662802A02633248B00B8BD59 /* Income.swift */,
				662802A32633623100B8BD59 /* Edit.swift */,
				666493CA2640551E00552C46 /* CategoryViews */,
			);
			path = Views;
			sourceTree = "<group>";
		};
		662802772632DD7200B8BD59 /* ViewModel */ = {
			isa = PBXGroup;
			children = (
				662802912632F41300B8BD59 /* TransactionListViewModel.swift */,
				6628028E2632F09500B8BD59 /* TransactionViewModel.swift */,
				6600DEF726384C8A00B5E806 /* AddExpensesViewModel.swift */,
				66E485EB2639582500C99854 /* AddIncomeViewModel.swift */,
				666493B3263C3FBE00552C46 /* CategoryViewModel.swift */,
				666493B5263C400000552C46 /* CategoryListViewModel.swift */,
				666493B7263C40FD00552C46 /* AddUpdateCategory.swift */,
			);
			path = ViewModel;
			sourceTree = "<group>";
		};
		662802782632DDB800B8BD59 /* Model */ = {
			isa = PBXGroup;
			children = (
				666493B1263C3F4B00552C46 /* ManageData.swift */,
			);
			path = Model;
			sourceTree = "<group>";
		};
		6647B0FB262DC4290021CEA0 = {
			isa = PBXGroup;
			children = (
				6647B106262DC4290021CEA0 /* Practice */,
				6647B105262DC4290021CEA0 /* Products */,
			);
			sourceTree = "<group>";
		};
		6647B105262DC4290021CEA0 /* Products */ = {
			isa = PBXGroup;
			children = (
				6647B104262DC4290021CEA0 /* Practice.app */,
			);
			name = Products;
			sourceTree = "<group>";
		};
		6647B106262DC4290021CEA0 /* Practice */ = {
			isa = PBXGroup;
			children = (
				662802782632DDB800B8BD59 /* Model */,
				662802762632DD4B00B8BD59 /* Views */,
				662802772632DD7200B8BD59 /* ViewModel */,
				666493A6263C234C00552C46 /* Diagram */,
				6647B115262DC42D0021CEA0 /* LaunchScreen.storyboard */,
				6647B107262DC4290021CEA0 /* AppDelegate.swift */,
				6647B109262DC4290021CEA0 /* SceneDelegate.swift */,
				6647B110262DC42D0021CEA0 /* Assets.xcassets */,
				6647B118262DC42D0021CEA0 /* Info.plist */,
				662802752632DBE600B8BD59 /* CoreDataDB */,
				6647B112262DC42D0021CEA0 /* Preview Content */,
			);
			path = Practice;
			sourceTree = "<group>";
		};
		6647B112262DC42D0021CEA0 /* Preview Content */ = {
			isa = PBXGroup;
			children = (
				6647B113262DC42D0021CEA0 /* Preview Assets.xcassets */,
			);
			path = "Preview Content";
			sourceTree = "<group>";
		};
		666493A6263C234C00552C46 /* Diagram */ = {
			isa = PBXGroup;
			children = (
				666493A7263C237700552C46 /* PieSliceView.swift */,
				666493A9263C23A700552C46 /* PieChartView.swift */,
			);
			path = Diagram;
			sourceTree = "<group>";
		};
		666493CA2640551E00552C46 /* CategoryViews */ = {
			isa = PBXGroup;
			children = (
				666493C2263C6C6D00552C46 /* CategoryDetail.swift */,
				666493BF263C60F100552C46 /* CategoryCell.swift */,
				666493B9263C429E00552C46 /* CategoryView.swift */,
				666493C4263D52E500552C46 /* AddNewCategoryView.swift */,
				666493C626401D6700552C46 /* AddCategoryPicker.swift */,
			);
			path = CategoryViews;
			sourceTree = "<group>";
		};
/* End PBXGroup section */

/* Begin PBXNativeTarget section */
		6647B103262DC4290021CEA0 /* Practice */ = {
			isa = PBXNativeTarget;
			buildConfigurationList = 6647B11B262DC42D0021CEA0 /* Build configuration list for PBXNativeTarget "Practice" */;
			buildPhases = (
				6647B100262DC4290021CEA0 /* Sources */,
				6647B101262DC4290021CEA0 /* Frameworks */,
				6647B102262DC4290021CEA0 /* Resources */,
			);
			buildRules = (
			);
			dependencies = (
			);
			name = Practice;
			packageProductDependencies = (
			);
			productName = Practice;
			productReference = 6647B104262DC4290021CEA0 /* Practice.app */;
			productType = "com.apple.product-type.application";
		};
/* End PBXNativeTarget section */

/* Begin PBXProject section */
		6647B0FC262DC4290021CEA0 /* Project object */ = {
			isa = PBXProject;
			attributes = {
				LastSwiftUpdateCheck = 1240;
				LastUpgradeCheck = 1240;
				TargetAttributes = {
					6647B103262DC4290021CEA0 = {
						CreatedOnToolsVersion = 12.4;
					};
				};
			};
			buildConfigurationList = 6647B0FF262DC4290021CEA0 /* Build configuration list for PBXProject "Practice" */;
			compatibilityVersion = "Xcode 9.3";
			developmentRegion = en;
			hasScannedForEncodings = 0;
			knownRegions = (
				en,
				Base,
			);
			mainGroup = 6647B0FB262DC4290021CEA0;
			packageReferences = (
			);
			productRefGroup = 6647B105262DC4290021CEA0 /* Products */;
			projectDirPath = "";
			projectRoot = "";
			targets = (
				6647B103262DC4290021CEA0 /* Practice */,
			);
		};
/* End PBXProject section */

/* Begin PBXResourcesBuildPhase section */
		6647B102262DC4290021CEA0 /* Resources */ = {
			isa = PBXResourcesBuildPhase;
			buildActionMask = 2147483647;
			files = (
				6647B117262DC42D0021CEA0 /* LaunchScreen.storyboard in Resources */,
				6647B114262DC42D0021CEA0 /* Preview Assets.xcassets in Resources */,
				6647B111262DC42D0021CEA0 /* Assets.xcassets in Resources */,
			);
			runOnlyForDeploymentPostprocessing = 0;
		};
/* End PBXResourcesBuildPhase section */

/* Begin PBXSourcesBuildPhase section */
		6647B100262DC4290021CEA0 /* Sources */ = {
			isa = PBXSourcesBuildPhase;
			buildActionMask = 2147483647;
			files = (
				661122072630276D00C48FFE /* MenuCell.swift in Sources */,
				662802A42633623100B8BD59 /* Edit.swift in Sources */,
				666493BA263C429E00552C46 /* CategoryView.swift in Sources */,
				666493C726401D6700552C46 /* AddCategoryPicker.swift in Sources */,
				666493C3263C6C6D00552C46 /* CategoryDetail.swift in Sources */,
				666493B8263C40FD00552C46 /* AddUpdateCategory.swift in Sources */,
				666493B2263C3F4B00552C46 /* ManageData.swift in Sources */,
				666493A8263C237700552C46 /* PieSliceView.swift in Sources */,
				6628028F2632F09500B8BD59 /* TransactionViewModel.swift in Sources */,
				662802862632EBCC00B8BD59 /* Practice.xcdatamodeld in Sources */,
				6647B108262DC4290021CEA0 /* AppDelegate.swift in Sources */,
				666493AA263C23A700552C46 /* PieChartView.swift in Sources */,
				666493C92640220A00552C46 /* AccountView.swift in Sources */,
				66E485EC2639582500C99854 /* AddIncomeViewModel.swift in Sources */,
				6628029E2633247D00B8BD59 /* Expenses.swift in Sources */,
				666493C5263D52E600552C46 /* AddNewCategoryView.swift in Sources */,
				6647B10A262DC4290021CEA0 /* SceneDelegate.swift in Sources */,
				6600DEF826384C8A00B5E806 /* AddExpensesViewModel.swift in Sources */,
				662802A12633248B00B8BD59 /* Income.swift in Sources */,
				6647B10C262DC4290021CEA0 /* MenuList.swift in Sources */,
				666493B4263C3FBE00552C46 /* CategoryViewModel.swift in Sources */,
				666493B6263C400000552C46 /* CategoryListViewModel.swift in Sources */,
				666493CC2640558D00552C46 /* DiagramView.swift in Sources */,
				662802922632F41300B8BD59 /* TransactionListViewModel.swift in Sources */,
				666493C0263C60F100552C46 /* CategoryCell.swift in Sources */,
			);
			runOnlyForDeploymentPostprocessing = 0;
		};
/* End PBXSourcesBuildPhase section */

/* Begin PBXVariantGroup section */
		6647B115262DC42D0021CEA0 /* LaunchScreen.storyboard */ = {
			isa = PBXVariantGroup;
			children = (
				6647B116262DC42D0021CEA0 /* Base */,
			);
			name = LaunchScreen.storyboard;
			sourceTree = "<group>";
		};
/* End PBXVariantGroup section */

/* Begin XCBuildConfiguration section */
		6647B119262DC42D0021CEA0 /* Debug */ = {
			isa = XCBuildConfiguration;
			buildSettings = {
				ALWAYS_SEARCH_USER_PATHS = NO;
				CLANG_ANALYZER_NONNULL = YES;
				CLANG_ANALYZER_NUMBER_OBJECT_CONVERSION = YES_AGGRESSIVE;
				CLANG_CXX_LANGUAGE_STANDARD = "gnu++14";
				CLANG_CXX_LIBRARY = "libc++";
				CLANG_ENABLE_MODULES = YES;
				CLANG_ENABLE_OBJC_ARC = YES;
				CLANG_ENABLE_OBJC_WEAK = YES;
				CLANG_WARN_BLOCK_CAPTURE_AUTORELEASING = YES;
				CLANG_WARN_BOOL_CONVERSION = YES;
				CLANG_WARN_COMMA = YES;
				CLANG_WARN_CONSTANT_CONVERSION = YES;
				CLANG_WARN_DEPRECATED_OBJC_IMPLEMENTATIONS = YES;
				CLANG_WARN_DIRECT_OBJC_ISA_USAGE = YES_ERROR;
				CLANG_WARN_DOCUMENTATION_COMMENTS = YES;
				CLANG_WARN_EMPTY_BODY = YES;
				CLANG_WARN_ENUM_CONVERSION = YES;
				CLANG_WARN_INFINITE_RECURSION = YES;
				CLANG_WARN_INT_CONVERSION = YES;
				CLANG_WARN_NON_LITERAL_NULL_CONVERSION = YES;
				CLANG_WARN_OBJC_IMPLICIT_RETAIN_SELF = YES;
				CLANG_WARN_OBJC_LITERAL_CONVERSION = YES;
				CLANG_WARN_OBJC_ROOT_CLASS = YES_ERROR;
				CLANG_WARN_QUOTED_INCLUDE_IN_FRAMEWORK_HEADER = YES;
				CLANG_WARN_RANGE_LOOP_ANALYSIS = YES;
				CLANG_WARN_STRICT_PROTOTYPES = YES;
				CLANG_WARN_SUSPICIOUS_MOVE = YES;
				CLANG_WARN_UNGUARDED_AVAILABILITY = YES_AGGRESSIVE;
				CLANG_WARN_UNREACHABLE_CODE = YES;
				CLANG_WARN__DUPLICATE_METHOD_MATCH = YES;
				COPY_PHASE_STRIP = NO;
				DEBUG_INFORMATION_FORMAT = dwarf;
				ENABLE_STRICT_OBJC_MSGSEND = YES;
				ENABLE_TESTABILITY = YES;
				GCC_C_LANGUAGE_STANDARD = gnu11;
				GCC_DYNAMIC_NO_PIC = NO;
				GCC_NO_COMMON_BLOCKS = YES;
				GCC_OPTIMIZATION_LEVEL = 0;
				GCC_PREPROCESSOR_DEFINITIONS = (
					"DEBUG=1",
					"$(inherited)",
				);
				GCC_WARN_64_TO_32_BIT_CONVERSION = YES;
				GCC_WARN_ABOUT_RETURN_TYPE = YES_ERROR;
				GCC_WARN_UNDECLARED_SELECTOR = YES;
				GCC_WARN_UNINITIALIZED_AUTOS = YES_AGGRESSIVE;
				GCC_WARN_UNUSED_FUNCTION = YES;
				GCC_WARN_UNUSED_VARIABLE = YES;
				IPHONEOS_DEPLOYMENT_TARGET = 14.4;
				MTL_ENABLE_DEBUG_INFO = INCLUDE_SOURCE;
				MTL_FAST_MATH = YES;
				ONLY_ACTIVE_ARCH = YES;
				SDKROOT = iphoneos;
				SWIFT_ACTIVE_COMPILATION_CONDITIONS = DEBUG;
				SWIFT_OPTIMIZATION_LEVEL = "-Onone";
			};
			name = Debug;
		};
		6647B11A262DC42D0021CEA0 /* Release */ = {
			isa = XCBuildConfiguration;
			buildSettings = {
				ALWAYS_SEARCH_USER_PATHS = NO;
				CLANG_ANALYZER_NONNULL = YES;
				CLANG_ANALYZER_NUMBER_OBJECT_CONVERSION = YES_AGGRESSIVE;
				CLANG_CXX_LANGUAGE_STANDARD = "gnu++14";
				CLANG_CXX_LIBRARY = "libc++";
				CLANG_ENABLE_MODULES = YES;
				CLANG_ENABLE_OBJC_ARC = YES;
				CLANG_ENABLE_OBJC_WEAK = YES;
				CLANG_WARN_BLOCK_CAPTURE_AUTORELEASING = YES;
				CLANG_WARN_BOOL_CONVERSION = YES;
				CLANG_WARN_COMMA = YES;
				CLANG_WARN_CONSTANT_CONVERSION = YES;
				CLANG_WARN_DEPRECATED_OBJC_IMPLEMENTATIONS = YES;
				CLANG_WARN_DIRECT_OBJC_ISA_USAGE = YES_ERROR;
				CLANG_WARN_DOCUMENTATION_COMMENTS = YES;
				CLANG_WARN_EMPTY_BODY = YES;
				CLANG_WARN_ENUM_CONVERSION = YES;
				CLANG_WARN_INFINITE_RECURSION = YES;
				CLANG_WARN_INT_CONVERSION = YES;
				CLANG_WARN_NON_LITERAL_NULL_CONVERSION = YES;
				CLANG_WARN_OBJC_IMPLICIT_RETAIN_SELF = YES;
				CLANG_WARN_OBJC_LITERAL_CONVERSION = YES;
				CLANG_WARN_OBJC_ROOT_CLASS = YES_ERROR;
				CLANG_WARN_QUOTED_INCLUDE_IN_FRAMEWORK_HEADER = YES;
				CLANG_WARN_RANGE_LOOP_ANALYSIS = YES;
				CLANG_WARN_STRICT_PROTOTYPES = YES;
				CLANG_WARN_SUSPICIOUS_MOVE = YES;
				CLANG_WARN_UNGUARDED_AVAILABILITY = YES_AGGRESSIVE;
				CLANG_WARN_UNREACHABLE_CODE = YES;
				CLANG_WARN__DUPLICATE_METHOD_MATCH = YES;
				COPY_PHASE_STRIP = NO;
				DEBUG_INFORMATION_FORMAT = "dwarf-with-dsym";
				ENABLE_NS_ASSERTIONS = NO;
				ENABLE_STRICT_OBJC_MSGSEND = YES;
				GCC_C_LANGUAGE_STANDARD = gnu11;
				GCC_NO_COMMON_BLOCKS = YES;
				GCC_WARN_64_TO_32_BIT_CONVERSION = YES;
				GCC_WARN_ABOUT_RETURN_TYPE = YES_ERROR;
				GCC_WARN_UNDECLARED_SELECTOR = YES;
				GCC_WARN_UNINITIALIZED_AUTOS = YES_AGGRESSIVE;
				GCC_WARN_UNUSED_FUNCTION = YES;
				GCC_WARN_UNUSED_VARIABLE = YES;
				IPHONEOS_DEPLOYMENT_TARGET = 14.4;
				MTL_ENABLE_DEBUG_INFO = NO;
				MTL_FAST_MATH = YES;
				SDKROOT = iphoneos;
				SWIFT_COMPILATION_MODE = wholemodule;
				SWIFT_OPTIMIZATION_LEVEL = "-O";
				VALIDATE_PRODUCT = YES;
			};
			name = Release;
		};
		6647B11C262DC42D0021CEA0 /* Debug */ = {
			isa = XCBuildConfiguration;
			buildSettings = {
				ASSETCATALOG_COMPILER_APPICON_NAME = AppIcon;
				ASSETCATALOG_COMPILER_GLOBAL_ACCENT_COLOR_NAME = AccentColor;
				CODE_SIGN_STYLE = Automatic;
				DEVELOPMENT_ASSET_PATHS = "\"Practice/Preview Content\"";
				DEVELOPMENT_TEAM = K6YJYNFCN4;
				ENABLE_PREVIEWS = YES;
				INFOPLIST_FILE = Practice/Info.plist;
				LD_RUNPATH_SEARCH_PATHS = (
					"$(inherited)",
					"@executable_path/Frameworks",
				);
				PRODUCT_BUNDLE_IDENTIFIER = com.AndriiLandiak.Practice;
				PRODUCT_NAME = "$(TARGET_NAME)";
				SWIFT_VERSION = 5.0;
				TARGETED_DEVICE_FAMILY = 1;
			};
			name = Debug;
		};
		6647B11D262DC42D0021CEA0 /* Release */ = {
			isa = XCBuildConfiguration;
			buildSettings = {
				ASSETCATALOG_COMPILER_APPICON_NAME = AppIcon;
				ASSETCATALOG_COMPILER_GLOBAL_ACCENT_COLOR_NAME = AccentColor;
				CODE_SIGN_STYLE = Automatic;
				DEVELOPMENT_ASSET_PATHS = "\"Practice/Preview Content\"";
				DEVELOPMENT_TEAM = K6YJYNFCN4;
				ENABLE_PREVIEWS = YES;
				INFOPLIST_FILE = Practice/Info.plist;
				LD_RUNPATH_SEARCH_PATHS = (
					"$(inherited)",
					"@executable_path/Frameworks",
				);
				PRODUCT_BUNDLE_IDENTIFIER = com.AndriiLandiak.Practice;
				PRODUCT_NAME = "$(TARGET_NAME)";
				SWIFT_VERSION = 5.0;
				TARGETED_DEVICE_FAMILY = 1;
			};
			name = Release;
		};
/* End XCBuildConfiguration section */

/* Begin XCConfigurationList section */
		6647B0FF262DC4290021CEA0 /* Build configuration list for PBXProject "Practice" */ = {
			isa = XCConfigurationList;
			buildConfigurations = (
				6647B119262DC42D0021CEA0 /* Debug */,
				6647B11A262DC42D0021CEA0 /* Release */,
			);
			defaultConfigurationIsVisible = 0;
			defaultConfigurationName = Release;
		};
		6647B11B262DC42D0021CEA0 /* Build configuration list for PBXNativeTarget "Practice" */ = {
			isa = XCConfigurationList;
			buildConfigurations = (
				6647B11C262DC42D0021CEA0 /* Debug */,
				6647B11D262DC42D0021CEA0 /* Release */,
			);
			defaultConfigurationIsVisible = 0;
			defaultConfigurationName = Release;
		};
/* End XCConfigurationList section */

/* Begin XCVersionGroup section */
		662802842632EBCC00B8BD59 /* Practice.xcdatamodeld */ = {
			isa = XCVersionGroup;
			children = (
				662802852632EBCC00B8BD59 /* Practice.xcdatamodel */,
			);
			currentVersion = 662802852632EBCC00B8BD59 /* Practice.xcdatamodel */;
			path = Practice.xcdatamodeld;
			sourceTree = "<group>";
			versionGroupType = wrapper.xcdatamodel;
		};
/* End XCVersionGroup section */
	};
	rootObject = 6647B0FC262DC4290021CEA0 /* Project object */;
}
